// !$*UTF8*$!
{
	archiveVersion = 1;
	classes = {
	};
	objectVersion = 46;
	objects = {

/* Begin PBXBuildFile section */
		7A51E18E1C2A6A0B008B1768 /* main.swift in Sources */ = {isa = PBXBuildFile; fileRef = 7A51E18D1C2A6A0B008B1768 /* main.swift */; };
		7A51E1971C2A6D8D008B1768 /* AudioToolbox.framework in Frameworks */ = {isa = PBXBuildFile; fileRef = 7A51E1961C2A6D8D008B1768 /* AudioToolbox.framework */; };
/* End PBXBuildFile section */

/* Begin PBXCopyFilesBuildPhase section */
		7A51E1881C2A6A0B008B1768 /* CopyFiles */ = {
			isa = PBXCopyFilesBuildPhase;
			buildActionMask = 2147483647;
			dstPath = /usr/share/man/man1/;
			dstSubfolderSpec = 0;
			files = (
			);
			runOnlyForDeploymentPostprocessing = 1;
		};
/* End PBXCopyFilesBuildPhase section */

/* Begin PBXFileReference section */
		7A51E18A1C2A6A0B008B1768 /* CAToneFileGeneratorSwift */ = {isa = PBXFileReference; explicitFileType = "compiled.mach-o.executable"; includeInIndex = 0; path = CAToneFileGeneratorSwift; sourceTree = BUILT_PRODUCTS_DIR; };
		7A51E18D1C2A6A0B008B1768 /* main.swift */ = {isa = PBXFileReference; lastKnownFileType = sourcecode.swift; path = main.swift; sourceTree = "<group>"; };
		7A51E1961C2A6D8D008B1768 /* AudioToolbox.framework */ = {isa = PBXFileReference; lastKnownFileType = wrapper.framework; name = AudioToolbox.framework; path = System/Library/Frameworks/AudioToolbox.framework; sourceTree = SDKROOT; };
/* End PBXFileReference section */

/* Begin PBXFrameworksBuildPhase section */
		7A51E1871C2A6A0B008B1768 /* Frameworks */ = {
			isa = PBXFrameworksBuildPhase;
			buildActionMask = 2147483647;
			files = (
				7A51E1971C2A6D8D008B1768 /* AudioToolbox.framework in Frameworks */,
			);
			runOnlyForDeploymentPostprocessing = 0;
		};
/* End PBXFrameworksBuildPhase section */

/* Begin PBXGroup section */
		7A51E1811C2A6A0B008B1768 = {
			isa = PBXGroup;
			children = (
				7A51E1961C2A6D8D008B1768 /* AudioToolbox.framework */,
				7A51E18C1C2A6A0B008B1768 /* CAToneFileGeneratorSwift */,
				7A51E18B1C2A6A0B008B1768 /* Products */,
			);
			sourceTree = "<group>";
		};
		7A51E18B1C2A6A0B008B1768 /* Products */ = {
			isa = PBXGroup;
			children = (
				7A51E18A1C2A6A0B008B1768 /* CAToneFileGeneratorSwift */,
			);
			name = Products;
			sourceTree = "<group>";
		};
		7A51E18C1C2A6A0B008B1768 /* CAToneFileGeneratorSwift */ = {
			isa = PBXGroup;
			children = (
				7A51E18D1C2A6A0B008B1768 /* main.swift */,
			);
			path = CAToneFileGeneratorSwift;
			sourceTree = "<group>";
		};
/* End PBXGroup section */

/* Begin PBXNativeTarget section */
		7A51E1891C2A6A0B008B1768 /* CAToneFileGeneratorSwift */ = {
			isa = PBXNativeTarget;
			buildConfigurationList = 7A51E1911C2A6A0B008B1768 /* Build configuration list for PBXNativeTarget "CAToneFileGeneratorSwift" */;
			buildPhases = (
				7A51E1861C2A6A0B008B1768 /* Sources */,
				7A51E1871C2A6A0B008B1768 /* Frameworks */,
				7A51E1881C2A6A0B008B1768 /* CopyFiles */,
			);
			buildRules = (
			);
			dependencies = (
			);
			name = CAToneFileGeneratorSwift;
			productName = CAToneFileGeneratorSwift;
			productReference = 7A51E18A1C2A6A0B008B1768 /* CAToneFileGeneratorSwift */;
			productType = "com.apple.product-type.tool";
		};
/* End PBXNativeTarget section */

/* Begin PBXProject section */
		7A51E1821C2A6A0B008B1768 /* Project object */ = {
			isa = PBXProject;
			attributes = {
				LastSwiftUpdateCheck = 0720;
				LastUpgradeCheck = 0720;
				ORGANIZATIONNAME = "Jeff Vautin";
				TargetAttributes = {
					7A51E1891C2A6A0B008B1768 = {
						CreatedOnToolsVersion = 7.2;
					};
				};
			};
			buildConfigurationList = 7A51E1851C2A6A0B008B1768 /* Build configuration list for PBXProject "CAToneFileGeneratorSwift" */;
			compatibilityVersion = "Xcode 3.2";
			developmentRegion = English;
			hasScannedForEncodings = 0;
			knownRegions = (
				en,
			);
			mainGroup = 7A51E1811C2A6A0B008B1768;
			productRefGroup = 7A51E18B1C2A6A0B008B1768 /* Products */;
			projectDirPath = "";
			projectRoot = "";
			targets = (
				7A51E1891C2A6A0B008B1768 /* CAToneFileGeneratorSwift */,
			);
		};
/* End PBXProject section */

/* Begin PBXSourcesBuildPhase section */
		7A51E1861C2A6A0B008B1768 /* Sources */ = {
			isa = PBXSourcesBuildPhase;
			buildActionMask = 2147483647;
			files = (
				7A51E18E1C2A6A0B008B1768 /* main.swift in Sources */,
			);
			runOnlyForDeploymentPostprocessing = 0;
		};
/* End PBXSourcesBuildPhase section */

/* Begin XCBuildConfiguration section */
		7A51E18F1C2A6A0B008B1768 /* Debug */ = {
			isa = XCBuildConfiguration;
			buildSettings = {
				ALWAYS_SEARCH_USER_PATHS = NO;
				CLANG_CXX_LANGUAGE_STANDARD = "gnu++0x";
				CLANG_CXX_LIBRARY = "libc++";
				CLANG_ENABLE_MODULES = YES;
				CLANG_ENABLE_OBJC_ARC = YES;
				CLANG_WARN_BOOL_CONVERSION = YES;
				CLANG_WARN_CONSTANT_CONVERSION = YES;
				CLANG_WARN_DIRECT_OBJC_ISA_USAGE = YES_ERROR;
				CLANG_WARN_EMPTY_BODY = YES;
				CLANG_WARN_ENUM_CONVERSION = YES;
				CLANG_WARN_INT_CONVERSION = YES;
				CLANG_WARN_OBJC_ROOT_CLASS = YES_ERROR;
				CLANG_WARN_UNREACHABLE_CODE = YES;
				CLANG_WARN__DUPLICATE_METHOD_MATCH = YES;
				CODE_SIGN_IDENTITY = "-";
				COPY_PHASE_STRIP = NO;
				DEBUG_INFORMATION_FORMAT = dwarf;
				ENABLE_STRICT_OBJC_MSGSEND = YES;
				ENABLE_TESTABILITY = YES;
				GCC_C_LANGUAGE_STANDARD = gnu99;
				GCC_DYNAMIC_NO_PIC = NO;
				GCC_NO_COMMON_BLOCKS = YES;
				GCC_OPTIMIZATION_LEVEL = 0;
				GCC_PREPROCESSOR_DEFINITIONS = (
					"DEBUG=1",
					"$(inherited)",
				);
				GCC_WARN_64_TO_32_BIT_CONVERSION = YES;
				GCC_WARN_ABOUT_RETURN_TYPE = YES_ERROR;
				GCC_WARN_UNDECLARED_SELECTOR = YES;
				GCC_WARN_UNINITIALIZED_AUTOS = YES_AGGRESSIVE;
				GCC_WARN_UNUSED_FUNCTION = YES;
				GCC_WARN_UNUSED_VARIABLE = YES;
				MACOSX_DEPLOYMENT_TARGET = 10.11;
				MTL_ENABLE_DEBUG_INFO = YES;
				ONLY_ACTIVE_ARCH = YES;
				SDKROOT = macosx;
				SWIFT_OPTIMIZATION_LEVEL = "-Onone";
			};
			name = Debug;
		};
		7A51E1901C2A6A0B008B1768 /* Release */ = {
			isa = XCBuildConfiguration;
			buildSettings = {
				ALWAYS_SEARCH_USER_PATHS = NO;
				CLANG_CXX_LANGUAGE_STANDARD = "gnu++0x";
				CLANG_CXX_LIBRARY = "libc++";
				CLANG_ENABLE_MODULES = YES;
				CLANG_ENABLE_OBJC_ARC = YES;
				CLANG_WARN_BOOL_CONVERSION = YES;
				CLANG_WARN_CONSTANT_CONVERSION = YES;
				CLANG_WARN_DIRECT_OBJC_ISA_USAGE = YES_ERROR;
				CLANG_WARN_EMPTY_BODY = YES;
				CLANG_WARN_ENUM_CONVERSION = YES;
				CLANG_WARN_INT_CONVERSION = YES;
				CLANG_WARN_OBJC_ROOT_CLASS = YES_ERROR;
				CLANG_WARN_UNREACHABLE_CODE = YES;
				CLANG_WARN__DUPLICATE_METHOD_MATCH = YES;
				CODE_SIGN_IDENTITY = "-";
				COPY_PHASE_STRIP = NO;
				DEBUG_INFORMATION_FORMAT = "dwarf-with-dsym";
				ENABLE_NS_ASSERTIONS = NO;
				ENABLE_STRICT_OBJC_MSGSEND = YES;
				GCC_C_LANGUAGE_STANDARD = gnu99;
				GCC_NO_COMMON_BLOCKS = YES;
				GCC_WARN_64_TO_32_BIT_CONVERSION = YES;
				GCC_WARN_ABOUT_RETURN_TYPE = YES_ERROR;
				GCC_WARN_UNDECLARED_SELECTOR = YES;
				GCC_WARN_UNINITIALIZED_AUTOS = YES_AGGRESSIVE;
				GCC_WARN_UNUSED_FUNCTION = YES;
				GCC_WARN_UNUSED_VARIABLE = YES;
				MACOSX_DEPLOYMENT_TARGET = 10.11;
				MTL_ENABLE_DEBUG_INFO = NO;
				SDKROOT = macosx;
			};
			name = Release;
		};
		7A51E1921C2A6A0B008B1768 /* Debug */ = {
			isa = XCBuildConfiguration;
			buildSettings = {
				PRODUCT_NAME = "$(TARGET_NAME)";
			};
			name = Debug;
		};
		7A51E1931C2A6A0B008B1768 /* Release */ = {
			isa = XCBuildConfiguration;
			buildSettings = {
				PRODUCT_NAME = "$(TARGET_NAME)";
			};
			name = Release;
		};
/* End XCBuildConfiguration section */

/* Begin XCConfigurationList section */
		7A51E1851C2A6A0B008B1768 /* Build configuration list for PBXProject "CAToneFileGeneratorSwift" */ = {
			isa = XCConfigurationList;
			buildConfigurations = (
				7A51E18F1C2A6A0B008B1768 /* Debug */,
				7A51E1901C2A6A0B008B1768 /* Release */,
			);
			defaultConfigurationIsVisible = 0;
			defaultConfigurationName = Release;
		};
		7A51E1911C2A6A0B008B1768 /* Build configuration list for PBXNativeTarget "CAToneFileGeneratorSwift" */ = {
			isa = XCConfigurationList;
			buildConfigurations = (
				7A51E1921C2A6A0B008B1768 /* Debug */,
				7A51E1931C2A6A0B008B1768 /* Release */,
			);
			defaultConfigurationIsVisible = 0;
		};
/* End XCConfigurationList section */
	};
	rootObject = 7A51E1821C2A6A0B008B1768 /* Project object */;
}
